{
  "name": "teaching_max_app",
  "lockfileVersion": 3,
  "requires": true,
  "packages": {
    "": {
      "dependencies": {
        "@rnbo/js": "^1.3.3"
      }
    },
    "node_modules/@rnbo/js": {
      "version": "1.3.3",
      "resolved": "https://registry.npmjs.org/@rnbo/js/-/js-1.3.3.tgz",
      "integrity": "sha512-u/pqMBtm44wvZ5KAHiXl24jQ6muNP0s2M0mRWkLeQO8PmwJaFlgZI18/44Mca4qM8NXQ95paQysQexOXSMvo8A==",
      "license": "MIT"
    }
  }
}
